
Microsoft Visual Studio Solution File, Format Version 12.00
# Visual Studio Express 2013 for Windows Desktop
VisualStudioVersion = 12.0.21005.1
MinimumVisualStudioVersion = 10.0.40219.1
Project("{FAE04EC0-301F-11D3-BF4B-00C04F79EFBC}") = "BurnSystems.FlexBG", "BurnSystems.FlexBG\BurnSystems.FlexBG.csproj", "{23CC80D3-2E80-4263-BF25-87E0DA25B329}"
EndProject
Project("{FAE04EC0-301F-11D3-BF4B-00C04F79EFBC}") = "BurnSystems.FlexBG.Test", "BurnSystems.FlexBG.Test\BurnSystems.FlexBG.Test.csproj", "{99BB190D-BE0D-45E9-8E33-7DFC53EA2D2B}"
EndProject
Project("{FAE04EC0-301F-11D3-BF4B-00C04F79EFBC}") = "BurnSystems", "..\..\burnsystems\src\BurnSystems.csproj", "{42023D16-AFD1-4D99-BC39-9EF46982EB54}"
EndProject
Project("{FAE04EC0-301F-11D3-BF4B-00C04F79EFBC}") = "BurnSystems.Parser", "..\..\burnsystems.parser\src\BurnSystems.Parser.csproj", "{24FC6CC7-AFEF-456D-8056-96712D1B7909}"
EndProject
Project("{FAE04EC0-301F-11D3-BF4B-00C04F79EFBC}") = "BurnSystems.WebServer", "..\..\burnsystems.webserver\src\BurnSystems.WebServer\BurnSystems.WebServer.csproj", "{B31DF31A-F19E-4FF9-B50F-B70F4F5949F4}"
EndProject
Project("{FAE04EC0-301F-11D3-BF4B-00C04F79EFBC}") = "BurnSystems.WebServer.Umbra", "..\..\burnsystems.webserver.umbra\src\BurnSystems.WebServer.Umbra\BurnSystems.WebServer.Umbra.csproj", "{0D3E61D8-1A3E-47C3-B90A-E89FDE6F4E90}"
EndProject
Global
	GlobalSection(SolutionConfigurationPlatforms) = preSolution
		Debug|Any CPU = Debug|Any CPU
		Debug|x64 = Debug|x64
		Debug|x86 = Debug|x86
		Release|Any CPU = Release|Any CPU
		Release|x64 = Release|x64
		Release|x86 = Release|x86
	EndGlobalSection
	GlobalSection(ProjectConfigurationPlatforms) = postSolution
		{23CC80D3-2E80-4263-BF25-87E0DA25B329}.Debug|Any CPU.ActiveCfg = Debug|Any CPU
		{23CC80D3-2E80-4263-BF25-87E0DA25B329}.Debug|Any CPU.Build.0 = Debug|Any CPU
		{23CC80D3-2E80-4263-BF25-87E0DA25B329}.Debug|x64.ActiveCfg = Debug|Any CPU
		{23CC80D3-2E80-4263-BF25-87E0DA25B329}.Debug|x86.ActiveCfg = Debug|Any CPU
		{23CC80D3-2E80-4263-BF25-87E0DA25B329}.Release|Any CPU.ActiveCfg = Release|Any CPU
		{23CC80D3-2E80-4263-BF25-87E0DA25B329}.Release|Any CPU.Build.0 = Release|Any CPU
		{23CC80D3-2E80-4263-BF25-87E0DA25B329}.Release|x64.ActiveCfg = Release|Any CPU
		{23CC80D3-2E80-4263-BF25-87E0DA25B329}.Release|x86.ActiveCfg = Release|Any CPU
		{99BB190D-BE0D-45E9-8E33-7DFC53EA2D2B}.Debug|Any CPU.ActiveCfg = Debug|Any CPU
		{99BB190D-BE0D-45E9-8E33-7DFC53EA2D2B}.Debug|Any CPU.Build.0 = Debug|Any CPU
		{99BB190D-BE0D-45E9-8E33-7DFC53EA2D2B}.Debug|x64.ActiveCfg = Debug|Any CPU
		{99BB190D-BE0D-45E9-8E33-7DFC53EA2D2B}.Debug|x86.ActiveCfg = Debug|Any CPU
		{99BB190D-BE0D-45E9-8E33-7DFC53EA2D2B}.Release|Any CPU.ActiveCfg = Release|Any CPU
		{99BB190D-BE0D-45E9-8E33-7DFC53EA2D2B}.Release|Any CPU.Build.0 = Release|Any CPU
		{99BB190D-BE0D-45E9-8E33-7DFC53EA2D2B}.Release|x64.ActiveCfg = Release|Any CPU
		{99BB190D-BE0D-45E9-8E33-7DFC53EA2D2B}.Release|x86.ActiveCfg = Release|Any CPU
		{42023D16-AFD1-4D99-BC39-9EF46982EB54}.Debug|Any CPU.ActiveCfg = Debug|Any CPU
		{42023D16-AFD1-4D99-BC39-9EF46982EB54}.Debug|Any CPU.Build.0 = Debug|Any CPU
		{42023D16-AFD1-4D99-BC39-9EF46982EB54}.Debug|x64.ActiveCfg = Debug|x64
		{42023D16-AFD1-4D99-BC39-9EF46982EB54}.Debug|x64.Build.0 = Debug|x64
		{42023D16-AFD1-4D99-BC39-9EF46982EB54}.Debug|x86.ActiveCfg = Debug|x86
		{42023D16-AFD1-4D99-BC39-9EF46982EB54}.Debug|x86.Build.0 = Debug|x86
		{42023D16-AFD1-4D99-BC39-9EF46982EB54}.Release|Any CPU.ActiveCfg = Release|Any CPU
		{42023D16-AFD1-4D99-BC39-9EF46982EB54}.Release|Any CPU.Build.0 = Release|Any CPU
		{42023D16-AFD1-4D99-BC39-9EF46982EB54}.Release|x64.ActiveCfg = Release|x64
		{42023D16-AFD1-4D99-BC39-9EF46982EB54}.Release|x64.Build.0 = Release|x64
		{42023D16-AFD1-4D99-BC39-9EF46982EB54}.Release|x86.ActiveCfg = Release|x86
		{42023D16-AFD1-4D99-BC39-9EF46982EB54}.Release|x86.Build.0 = Release|x86
		{24FC6CC7-AFEF-456D-8056-96712D1B7909}.Debug|Any CPU.ActiveCfg = Debug|Any CPU
		{24FC6CC7-AFEF-456D-8056-96712D1B7909}.Debug|Any CPU.Build.0 = Debug|Any CPU
		{24FC6CC7-AFEF-456D-8056-96712D1B7909}.Debug|x64.ActiveCfg = Debug|x64
		{24FC6CC7-AFEF-456D-8056-96712D1B7909}.Debug|x64.Build.0 = Debug|x64
		{24FC6CC7-AFEF-456D-8056-96712D1B7909}.Debug|x86.ActiveCfg = Debug|x86
		{24FC6CC7-AFEF-456D-8056-96712D1B7909}.Debug|x86.Build.0 = Debug|x86
		{24FC6CC7-AFEF-456D-8056-96712D1B7909}.Release|Any CPU.ActiveCfg = Release|Any CPU
		{24FC6CC7-AFEF-456D-8056-96712D1B7909}.Release|Any CPU.Build.0 = Release|Any CPU
		{24FC6CC7-AFEF-456D-8056-96712D1B7909}.Release|x64.ActiveCfg = Release|x64
		{24FC6CC7-AFEF-456D-8056-96712D1B7909}.Release|x64.Build.0 = Release|x64
		{24FC6CC7-AFEF-456D-8056-96712D1B7909}.Release|x86.ActiveCfg = Release|x86
		{24FC6CC7-AFEF-456D-8056-96712D1B7909}.Release|x86.Build.0 = Release|x86
		{B31DF31A-F19E-4FF9-B50F-B70F4F5949F4}.Debug|Any CPU.ActiveCfg = Debug|Any CPU
		{B31DF31A-F19E-4FF9-B50F-B70F4F5949F4}.Debug|Any CPU.Build.0 = Debug|Any CPU
		{B31DF31A-F19E-4FF9-B50F-B70F4F5949F4}.Debug|x64.ActiveCfg = Debug|x64
		{B31DF31A-F19E-4FF9-B50F-B70F4F5949F4}.Debug|x64.Build.0 = Debug|x64
		{B31DF31A-F19E-4FF9-B50F-B70F4F5949F4}.Debug|x86.ActiveCfg = Debug|x86
		{B31DF31A-F19E-4FF9-B50F-B70F4F5949F4}.Debug|x86.Build.0 = Debug|x86
		{B31DF31A-F19E-4FF9-B50F-B70F4F5949F4}.Release|Any CPU.ActiveCfg = Release|Any CPU
		{B31DF31A-F19E-4FF9-B50F-B70F4F5949F4}.Release|Any CPU.Build.0 = Release|Any CPU
		{B31DF31A-F19E-4FF9-B50F-B70F4F5949F4}.Release|x64.ActiveCfg = Release|x64
		{B31DF31A-F19E-4FF9-B50F-B70F4F5949F4}.Release|x64.Build.0 = Release|x64
		{B31DF31A-F19E-4FF9-B50F-B70F4F5949F4}.Release|x86.ActiveCfg = Release|x86
		{B31DF31A-F19E-4FF9-B50F-B70F4F5949F4}.Release|x86.Build.0 = Release|x86
		{0D3E61D8-1A3E-47C3-B90A-E89FDE6F4E90}.Debug|Any CPU.ActiveCfg = Debug|Any CPU
		{0D3E61D8-1A3E-47C3-B90A-E89FDE6F4E90}.Debug|Any CPU.Build.0 = Debug|Any CPU
		{0D3E61D8-1A3E-47C3-B90A-E89FDE6F4E90}.Debug|x64.ActiveCfg = Debug|Any CPU
		{0D3E61D8-1A3E-47C3-B90A-E89FDE6F4E90}.Debug|x86.ActiveCfg = Debug|Any CPU
		{0D3E61D8-1A3E-47C3-B90A-E89FDE6F4E90}.Release|Any CPU.ActiveCfg = Release|Any CPU
		{0D3E61D8-1A3E-47C3-B90A-E89FDE6F4E90}.Release|Any CPU.Build.0 = Release|Any CPU
		{0D3E61D8-1A3E-47C3-B90A-E89FDE6F4E90}.Release|x64.ActiveCfg = Release|Any CPU
		{0D3E61D8-1A3E-47C3-B90A-E89FDE6F4E90}.Release|x86.ActiveCfg = Release|Any CPU
	EndGlobalSection
	GlobalSection(SolutionProperties) = preSolution
		HideSolutionNode = FALSE
	EndGlobalSection
	GlobalSection(MonoDevelopProperties) = preSolution
		StartupItem = BurnSystems.FlexBG\BurnSystems.FlexBG.csproj
	EndGlobalSection
EndGlobal
